{
  "name": "tower-siege-agents",
  "version": "0.1.0",
  "lockfileVersion": 3,
  "requires": true,
  "packages": {
    "": {
      "name": "tower-siege-agents",
      "version": "0.1.0",
      "dependencies": {
        "@tenkicloud/sandbox": "^1.0.6",
        "ws": "^8.18.0"
      },
      "engines": {
        "node": ">=20"
      }
    },
    "node_modules/@bufbuild/protobuf": {
      "version": "2.12.1",
      "resolved": "https://registry.npmjs.org/@bufbuild/protobuf/-/protobuf-2.12.1.tgz",
      "integrity": "sha512-BvAMfS6LrgZiryOAZ4pBYucu4wG/Ei/9o9DZ9akbREnMLbPJiom2i8b9C8IsKErQoiKqVhrerzt3kOT/RrzLHg==",
      "license": "(Apache-2.0 AND BSD-3-Clause)"
    },
    "node_modules/@connectrpc/connect": {
      "version": "2.1.2",
      "resolved": "https://registry.npmjs.org/@connectrpc/connect/-/connect-2.1.2.tgz",
      "integrity": "sha512-MXkBijtcX09R10Eb6sFeIetc6w6746eio6xtfuyVOH7oQAacT1X0GzMIQFux6Qy8cq3W/T5qX5Bei8YbFtmRGA==",
      "license": "Apache-2.0",
      "peerDependencies": {
        "@bufbuild/protobuf": "^2.7.0"
      }
    },
    "node_modules/@connectrpc/connect-node": {
      "version": "2.1.2",
      "resolved": "https://registry.npmjs.org/@connectrpc/connect-node/-/connect-node-2.1.2.tgz",
      "integrity": "sha512-+i/aAOpsI8sIx1mbYp6d99zvxaUSF6t/jP9Ux9maAmjsZPgmIQ3JuIeYi0zJIP9zlCnBlJjkpPosshCgdRuThQ==",
      "license": "Apache-2.0",
      "engines": {
        "node": ">=20"
      },
      "peerDependencies": {
        "@bufbuild/protobuf": "^2.7.0",
        "@connectrpc/connect": "2.1.2"
      }
    },
    "node_modules/@tenkicloud/sandbox": {
      "version": "1.0.6",
      "resolved": "https://registry.npmjs.org/@tenkicloud/sandbox/-/sandbox-1.0.6.tgz",
      "integrity": "sha512-47sFKaMutq47+k8RYYx+grpVM7Cb1Vh1nMh96sfzIDZqDGA0EIVKGO1LBNQcwKUxE9Ga8zS8m9cyQ0eklWUITw==",
      "license": "MIT",
      "dependencies": {
        "@bufbuild/protobuf": "2.12.1",
        "@connectrpc/connect": "2.1.2",
        "@connectrpc/connect-node": "2.1.2",
        "ws": "8.21.1"
      },
      "engines": {
        "node": ">=18"
      }
    },
    "node_modules/@tenkicloud/sandbox/node_modules/ws": {
      "version": "8.21.1",
      "resolved": "https://registry.npmjs.org/ws/-/ws-8.21.1.tgz",
      "integrity": "sha512-+0NTnW77fFN/DjQi6k/Sq/Yvk4Sgajw7urW8V+asjXnRgDs9gyGkdb7EzgfhA4goXsRIZKE28fzIXBHEzhuiWw==",
      "license": "MIT",
      "engines": {
        "node": ">=10.0.0"
      },
      "peerDependencies": {
        "bufferutil": "^4.0.1",
        "utf-8-validate": ">=5.0.2"
      },
      "peerDependenciesMeta": {
        "bufferutil": {
          "optional": true
        },
        "utf-8-validate": {
          "optional": true
        }
      }
    },
    "node_modules/ws": {
      "version": "8.21.3",
      "resolved": "https://registry.npmjs.org/ws/-/ws-8.21.3.tgz",
      "integrity": "sha512-201TZ/kPWxoPr/OKWjquZR1SWKXcvxdH+e1xrx89b3YbmzLMFCLfnaG1HFIgWzJOEWZ7MvpK++odZufgYR50Rw==",
      "license": "MIT",
      "engines": {
        "node": ">=10.0.0"
      },
      "peerDependencies": {
        "bufferutil": "^4.0.1",
        "utf-8-validate": ">=5.0.2"
      },
      "peerDependenciesMeta": {
        "bufferutil": {
          "optional": true
        },
        "utf-8-validate": {
          "optional": true
        }
      }
    }
  }
}
